
Microsoft Visual Studio Solution File, Format Version 12.00
# Visual Studio 15
VisualStudioVersion = 15.0.28307.705
MinimumVisualStudioVersion = 10.0.40219.1
Project("{FAE04EC0-301F-11D3-BF4B-00C04F79EFBC}") = "ValidacionNotas", "ValidacionNotas\ValidacionNotas.csproj", "{BC39CEA7-ACB6-4079-9FA9-A42E86F2AA39}"
EndProject
Global
	GlobalSection(SolutionConfigurationPlatforms) = preSolution
		Debug|Any CPU = Debug|Any CPU
		Release|Any CPU = Release|Any CPU
	EndGlobalSection
	GlobalSection(ProjectConfigurationPlatforms) = postSolution
		{BC39CEA7-ACB6-4079-9FA9-A42E86F2AA39}.Debug|Any CPU.ActiveCfg = Debug|Any CPU
		{BC39CEA7-ACB6-4079-9FA9-A42E86F2AA39}.Debug|Any CPU.Build.0 = Debug|Any CPU
		{BC39CEA7-ACB6-4079-9FA9-A42E86F2AA39}.Release|Any CPU.ActiveCfg = Release|Any CPU
		{BC39CEA7-ACB6-4079-9FA9-A42E86F2AA39}.Release|Any CPU.Build.0 = Release|Any CPU
	EndGlobalSection
	GlobalSection(SolutionProperties) = preSolution
		HideSolutionNode = FALSE
	EndGlobalSection
	GlobalSection(ExtensibilityGlobals) = postSolution
		SolutionGuid = {613E3BE2-37B0-4A90-9D61-86C1CB73E234}
	EndGlobalSection
EndGlobal
